
Microsoft Visual Studio Solution File, Format Version 12.00
# Visual Studio Version 17
VisualStudioVersion = 17.0.31912.275
MinimumVisualStudioVersion = 10.0.40219.1
Project("{FAE04EC0-301F-11D3-BF4B-00C04F79EFBC}") = "VCard_And_QrCode_AspNetCore", "VCard_And_QrCode_AspNetCore\VCard_And_QrCode_AspNetCore.csproj", "{DFB62E32-9E0C-4949-8EF2-FBBD7B81B386}"
EndProject
Global
	GlobalSection(SolutionConfigurationPlatforms) = preSolution
		Debug|Any CPU = Debug|Any CPU
		Release|Any CPU = Release|Any CPU
	EndGlobalSection
	GlobalSection(ProjectConfigurationPlatforms) = postSolution
		{DFB62E32-9E0C-4949-8EF2-FBBD7B81B386}.Debug|Any CPU.ActiveCfg = Debug|Any CPU
		{DFB62E32-9E0C-4949-8EF2-FBBD7B81B386}.Debug|Any CPU.Build.0 = Debug|Any CPU
		{DFB62E32-9E0C-4949-8EF2-FBBD7B81B386}.Release|Any CPU.ActiveCfg = Release|Any CPU
		{DFB62E32-9E0C-4949-8EF2-FBBD7B81B386}.Release|Any CPU.Build.0 = Release|Any CPU
	EndGlobalSection
	GlobalSection(SolutionProperties) = preSolution
		HideSolutionNode = FALSE
	EndGlobalSection
	GlobalSection(ExtensibilityGlobals) = postSolution
		SolutionGuid = {33656D88-7EA6-45EF-B4D9-3CC47E789C94}
	EndGlobalSection
EndGlobal
